// !$*UTF8*$!
{
	archiveVersion = 1;
	classes = {
	};
	objectVersion = 46;
	objects = {

/* Begin PBXBuildFile section */
		AD8A2AA01D144457004106FB /* main.m in Sources */ = {isa = PBXBuildFile; fileRef = AD8A2A9F1D144457004106FB /* main.m */; };
		AD8A2AAB1D144457004106FB /* Assets.xcassets in Resources */ = {isa = PBXBuildFile; fileRef = AD8A2AAA1D144457004106FB /* Assets.xcassets */; };
		AD8A2AAE1D144457004106FB /* LaunchScreen.storyboard in Resources */ = {isa = PBXBuildFile; fileRef = AD8A2AAC1D144457004106FB /* LaunchScreen.storyboard */; };
		AD8A2AB71D1445AC004106FB /* Engine.m in Sources */ = {isa = PBXBuildFile; fileRef = AD8A2AB61D1445AC004106FB /* Engine.m */; };
		AD8A2AB91D14492A004106FB /* index.js in Resources */ = {isa = PBXBuildFile; fileRef = AD8A2AB81D14492A004106FB /* index.js */; };
		AD8A2ABC1D144A97004106FB /* SNProtocols.m in Sources */ = {isa = PBXBuildFile; fileRef = AD8A2ABB1D144A97004106FB /* SNProtocols.m */; };
/* End PBXBuildFile section */

/* Begin PBXFileReference section */
		AD8A2A9B1D144457004106FB /* JSCObjC.app */ = {isa = PBXFileReference; explicitFileType = wrapper.application; includeInIndex = 0; path = JSCObjC.app; sourceTree = BUILT_PRODUCTS_DIR; };
		AD8A2A9F1D144457004106FB /* main.m */ = {isa = PBXFileReference; lastKnownFileType = sourcecode.c.objc; path = main.m; sourceTree = "<group>"; };
		AD8A2AAA1D144457004106FB /* Assets.xcassets */ = {isa = PBXFileReference; lastKnownFileType = folder.assetcatalog; path = Assets.xcassets; sourceTree = "<group>"; };
		AD8A2AAD1D144457004106FB /* Base */ = {isa = PBXFileReference; lastKnownFileType = file.storyboard; name = Base; path = Base.lproj/LaunchScreen.storyboard; sourceTree = "<group>"; };
		AD8A2AAF1D144457004106FB /* Info.plist */ = {isa = PBXFileReference; lastKnownFileType = text.plist.xml; path = Info.plist; sourceTree = "<group>"; };
		AD8A2AB51D1445AC004106FB /* Engine.h */ = {isa = PBXFileReference; fileEncoding = 4; lastKnownFileType = sourcecode.c.h; path = Engine.h; sourceTree = "<group>"; };
		AD8A2AB61D1445AC004106FB /* Engine.m */ = {isa = PBXFileReference; fileEncoding = 4; lastKnownFileType = sourcecode.c.objc; path = Engine.m; sourceTree = "<group>"; };
		AD8A2AB81D14492A004106FB /* index.js */ = {isa = PBXFileReference; fileEncoding = 4; lastKnownFileType = sourcecode.javascript; path = index.js; sourceTree = "<group>"; };
		AD8A2ABA1D144A97004106FB /* SNProtocols.h */ = {isa = PBXFileReference; fileEncoding = 4; lastKnownFileType = sourcecode.c.h; path = SNProtocols.h; sourceTree = "<group>"; };
		AD8A2ABB1D144A97004106FB /* SNProtocols.m */ = {isa = PBXFileReference; fileEncoding = 4; lastKnownFileType = sourcecode.c.objc; path = SNProtocols.m; sourceTree = "<group>"; };
		AD8A2ABD1D144CC9004106FB /* PrivateApi.h */ = {isa = PBXFileReference; lastKnownFileType = sourcecode.c.h; path = PrivateApi.h; sourceTree = "<group>"; };
/* End PBXFileReference section */

/* Begin PBXFrameworksBuildPhase section */
		AD8A2A981D144457004106FB /* Frameworks */ = {
			isa = PBXFrameworksBuildPhase;
			buildActionMask = 2147483647;
			files = (
			);
			runOnlyForDeploymentPostprocessing = 0;
		};
/* End PBXFrameworksBuildPhase section */

/* Begin PBXGroup section */
		AD8A2A921D144457004106FB = {
			isa = PBXGroup;
			children = (
				AD8A2A9D1D144457004106FB /* JSCObjC */,
				AD8A2A9C1D144457004106FB /* Products */,
			);
			sourceTree = "<group>";
		};
		AD8A2A9C1D144457004106FB /* Products */ = {
			isa = PBXGroup;
			children = (
				AD8A2A9B1D144457004106FB /* JSCObjC.app */,
			);
			name = Products;
			sourceTree = "<group>";
		};
		AD8A2A9D1D144457004106FB /* JSCObjC */ = {
			isa = PBXGroup;
			children = (
				AD8A2AAA1D144457004106FB /* Assets.xcassets */,
				AD8A2AAC1D144457004106FB /* LaunchScreen.storyboard */,
				AD8A2AB81D14492A004106FB /* index.js */,
				AD8A2ABD1D144CC9004106FB /* PrivateApi.h */,
				AD8A2AB51D1445AC004106FB /* Engine.h */,
				AD8A2AB61D1445AC004106FB /* Engine.m */,
				AD8A2AAF1D144457004106FB /* Info.plist */,
				AD8A2ABA1D144A97004106FB /* SNProtocols.h */,
				AD8A2ABB1D144A97004106FB /* SNProtocols.m */,
				AD8A2A9E1D144457004106FB /* Supporting Files */,
			);
			path = JSCObjC;
			sourceTree = "<group>";
		};
		AD8A2A9E1D144457004106FB /* Supporting Files */ = {
			isa = PBXGroup;
			children = (
				AD8A2A9F1D144457004106FB /* main.m */,
			);
			name = "Supporting Files";
			sourceTree = "<group>";
		};
/* End PBXGroup section */

/* Begin PBXNativeTarget section */
		AD8A2A9A1D144457004106FB /* JSCObjC */ = {
			isa = PBXNativeTarget;
			buildConfigurationList = AD8A2AB21D144457004106FB /* Build configuration list for PBXNativeTarget "JSCObjC" */;
			buildPhases = (
				AD8A2A971D144457004106FB /* Sources */,
				AD8A2A981D144457004106FB /* Frameworks */,
				AD8A2A991D144457004106FB /* Resources */,
			);
			buildRules = (
			);
			dependencies = (
			);
			name = JSCObjC;
			productName = JSCObjC;
			productReference = AD8A2A9B1D144457004106FB /* JSCObjC.app */;
			productType = "com.apple.product-type.application";
		};
/* End PBXNativeTarget section */

/* Begin PBXProject section */
		AD8A2A931D144457004106FB /* Project object */ = {
			isa = PBXProject;
			attributes = {
				LastUpgradeCheck = 0730;
				ORGANIZATIONNAME = syang;
				TargetAttributes = {
					AD8A2A9A1D144457004106FB = {
						CreatedOnToolsVersion = 7.3.1;
					};
				};
			};
			buildConfigurationList = AD8A2A961D144457004106FB /* Build configuration list for PBXProject "JSCObjC" */;
			compatibilityVersion = "Xcode 3.2";
			developmentRegion = English;
			hasScannedForEncodings = 0;
			knownRegions = (
				en,
				Base,
			);
			mainGroup = AD8A2A921D144457004106FB;
			productRefGroup = AD8A2A9C1D144457004106FB /* Products */;
			projectDirPath = "";
			projectRoot = "";
			targets = (
				AD8A2A9A1D144457004106FB /* JSCObjC */,
			);
		};
/* End PBXProject section */

/* Begin PBXResourcesBuildPhase section */
		AD8A2A991D144457004106FB /* Resources */ = {
			isa = PBXResourcesBuildPhase;
			buildActionMask = 2147483647;
			files = (
				AD8A2AB91D14492A004106FB /* index.js in Resources */,
				AD8A2AAE1D144457004106FB /* LaunchScreen.storyboard in Resources */,
				AD8A2AAB1D144457004106FB /* Assets.xcassets in Resources */,
			);
			runOnlyForDeploymentPostprocessing = 0;
		};
/* End PBXResourcesBuildPhase section */

/* Begin PBXSourcesBuildPhase section */
		AD8A2A971D144457004106FB /* Sources */ = {
			isa = PBXSourcesBuildPhase;
			buildActionMask = 2147483647;
			files = (
				AD8A2AA01D144457004106FB /* main.m in Sources */,
				AD8A2AB71D1445AC004106FB /* Engine.m in Sources */,
				AD8A2ABC1D144A97004106FB /* SNProtocols.m in Sources */,
			);
			runOnlyForDeploymentPostprocessing = 0;
		};
/* End PBXSourcesBuildPhase section */

/* Begin PBXVariantGroup section */
		AD8A2AAC1D144457004106FB /* LaunchScreen.storyboard */ = {
			isa = PBXVariantGroup;
			children = (
				AD8A2AAD1D144457004106FB /* Base */,
			);
			name = LaunchScreen.storyboard;
			sourceTree = "<group>";
		};
/* End PBXVariantGroup section */

/* Begin XCBuildConfiguration section */
		AD8A2AB01D144457004106FB /* Debug */ = {
			isa = XCBuildConfiguration;
			buildSettings = {
				ALWAYS_SEARCH_USER_PATHS = NO;
				CLANG_ANALYZER_NONNULL = YES;
				CLANG_CXX_LANGUAGE_STANDARD = "gnu++0x";
				CLANG_CXX_LIBRARY = "libc++";
				CLANG_ENABLE_MODULES = YES;
				CLANG_ENABLE_OBJC_ARC = YES;
				CLANG_WARN_BOOL_CONVERSION = YES;
				CLANG_WARN_CONSTANT_CONVERSION = YES;
				CLANG_WARN_DIRECT_OBJC_ISA_USAGE = YES_ERROR;
				CLANG_WARN_EMPTY_BODY = YES;
				CLANG_WARN_ENUM_CONVERSION = YES;
				CLANG_WARN_INT_CONVERSION = YES;
				CLANG_WARN_OBJC_ROOT_CLASS = YES_ERROR;
				CLANG_WARN_UNREACHABLE_CODE = YES;
				CLANG_WARN__DUPLICATE_METHOD_MATCH = YES;
				"CODE_SIGN_IDENTITY[sdk=iphoneos*]" = "iPhone Developer";
				COPY_PHASE_STRIP = NO;
				DEBUG_INFORMATION_FORMAT = dwarf;
				ENABLE_STRICT_OBJC_MSGSEND = YES;
				ENABLE_TESTABILITY = YES;
				GCC_C_LANGUAGE_STANDARD = gnu99;
				GCC_DYNAMIC_NO_PIC = NO;
				GCC_NO_COMMON_BLOCKS = YES;
				GCC_OPTIMIZATION_LEVEL = 0;
				GCC_PREPROCESSOR_DEFINITIONS = (
					"DEBUG=1",
					"$(inherited)",
				);
				GCC_WARN_64_TO_32_BIT_CONVERSION = YES;
				GCC_WARN_ABOUT_RETURN_TYPE = YES_ERROR;
				GCC_WARN_UNDECLARED_SELECTOR = YES;
				GCC_WARN_UNINITIALIZED_AUTOS = YES_AGGRESSIVE;
				GCC_WARN_UNUSED_FUNCTION = YES;
				GCC_WARN_UNUSED_VARIABLE = YES;
				IPHONEOS_DEPLOYMENT_TARGET = 8.0;
				MTL_ENABLE_DEBUG_INFO = YES;
				ONLY_ACTIVE_ARCH = YES;
				SDKROOT = iphoneos;
			};
			name = Debug;
		};
		AD8A2AB11D144457004106FB /* Release */ = {
			isa = XCBuildConfiguration;
			buildSettings = {
				ALWAYS_SEARCH_USER_PATHS = NO;
				CLANG_ANALYZER_NONNULL = YES;
				CLANG_CXX_LANGUAGE_STANDARD = "gnu++0x";
				CLANG_CXX_LIBRARY = "libc++";
				CLANG_ENABLE_MODULES = YES;
				CLANG_ENABLE_OBJC_ARC = YES;
				CLANG_WARN_BOOL_CONVERSION = YES;
				CLANG_WARN_CONSTANT_CONVERSION = YES;
				CLANG_WARN_DIRECT_OBJC_ISA_USAGE = YES_ERROR;
				CLANG_WARN_EMPTY_BODY = YES;
				CLANG_WARN_ENUM_CONVERSION = YES;
				CLANG_WARN_INT_CONVERSION = YES;
				CLANG_WARN_OBJC_ROOT_CLASS = YES_ERROR;
				CLANG_WARN_UNREACHABLE_CODE = YES;
				CLANG_WARN__DUPLICATE_METHOD_MATCH = YES;
				"CODE_SIGN_IDENTITY[sdk=iphoneos*]" = "iPhone Developer";
				COPY_PHASE_STRIP = NO;
				DEBUG_INFORMATION_FORMAT = "dwarf-with-dsym";
				ENABLE_NS_ASSERTIONS = NO;
				ENABLE_STRICT_OBJC_MSGSEND = YES;
				GCC_C_LANGUAGE_STANDARD = gnu99;
				GCC_NO_COMMON_BLOCKS = YES;
				GCC_WARN_64_TO_32_BIT_CONVERSION = YES;
				GCC_WARN_ABOUT_RETURN_TYPE = YES_ERROR;
				GCC_WARN_UNDECLARED_SELECTOR = YES;
				GCC_WARN_UNINITIALIZED_AUTOS = YES_AGGRESSIVE;
				GCC_WARN_UNUSED_FUNCTION = YES;
				GCC_WARN_UNUSED_VARIABLE = YES;
				IPHONEOS_DEPLOYMENT_TARGET = 8.0;
				MTL_ENABLE_DEBUG_INFO = NO;
				SDKROOT = iphoneos;
				VALIDATE_PRODUCT = YES;
			};
			name = Release;
		};
		AD8A2AB31D144457004106FB /* Debug */ = {
			isa = XCBuildConfiguration;
			buildSettings = {
				ASSETCATALOG_COMPILER_APPICON_NAME = AppIcon;
				INFOPLIST_FILE = JSCObjC/Info.plist;
				LD_RUNPATH_SEARCH_PATHS = "$(inherited) @executable_path/Frameworks";
				PRODUCT_BUNDLE_IDENTIFIER = com.syang.JSCObjC;
				PRODUCT_NAME = "$(TARGET_NAME)";
			};
			name = Debug;
		};
		AD8A2AB41D144457004106FB /* Release */ = {
			isa = XCBuildConfiguration;
			buildSettings = {
				ASSETCATALOG_COMPILER_APPICON_NAME = AppIcon;
				INFOPLIST_FILE = JSCObjC/Info.plist;
				LD_RUNPATH_SEARCH_PATHS = "$(inherited) @executable_path/Frameworks";
				PRODUCT_BUNDLE_IDENTIFIER = com.syang.JSCObjC;
				PRODUCT_NAME = "$(TARGET_NAME)";
			};
			name = Release;
		};
/* End XCBuildConfiguration section */

/* Begin XCConfigurationList section */
		AD8A2A961D144457004106FB /* Build configuration list for PBXProject "JSCObjC" */ = {
			isa = XCConfigurationList;
			buildConfigurations = (
				AD8A2AB01D144457004106FB /* Debug */,
				AD8A2AB11D144457004106FB /* Release */,
			);
			defaultConfigurationIsVisible = 0;
			defaultConfigurationName = Release;
		};
		AD8A2AB21D144457004106FB /* Build configuration list for PBXNativeTarget "JSCObjC" */ = {
			isa = XCConfigurationList;
			buildConfigurations = (
				AD8A2AB31D144457004106FB /* Debug */,
				AD8A2AB41D144457004106FB /* Release */,
			);
			defaultConfigurationIsVisible = 0;
		};
/* End XCConfigurationList section */
	};
	rootObject = AD8A2A931D144457004106FB /* Project object */;
}
